
Microsoft Visual Studio Solution File, Format Version 12.00
# Visual Studio 14
VisualStudioVersion = 14.0.24720.0
MinimumVisualStudioVersion = 10.0.40219.1
Project("{FAE04EC0-301F-11D3-BF4B-00C04F79EFBC}") = "Trabajo Practico Simulacion", "Trabajo Practico Simulaicon\Trabajo Practico Simulacion.csproj", "{6D7D0039-37B0-4F7A-BCC5-52BE86DEB72C}"
EndProject
Global
	GlobalSection(SolutionConfigurationPlatforms) = preSolution
		Debug|x86 = Debug|x86
		Release|x86 = Release|x86
	EndGlobalSection
	GlobalSection(ProjectConfigurationPlatforms) = postSolution
		{6D7D0039-37B0-4F7A-BCC5-52BE86DEB72C}.Debug|x86.ActiveCfg = Debug|x86
		{6D7D0039-37B0-4F7A-BCC5-52BE86DEB72C}.Debug|x86.Build.0 = Debug|x86
		{6D7D0039-37B0-4F7A-BCC5-52BE86DEB72C}.Release|x86.ActiveCfg = Release|x86
		{6D7D0039-37B0-4F7A-BCC5-52BE86DEB72C}.Release|x86.Build.0 = Release|x86
	EndGlobalSection
	GlobalSection(SolutionProperties) = preSolution
		HideSolutionNode = FALSE
	EndGlobalSection
EndGlobal
